<?xml version="1.0" encoding="utf-8"?>
<Project ToolsVersion="17.0" xmlns="http://schemas.microsoft.com/developer/msbuild/2003">
  <ItemGroup>
    <ClCompile Include="C:\Users\DELL\Desktop\VS codes\Quantum_Computation_Information_draft1\header.cpp">
      <Filter>Source Files</Filter>
    </ClCompile>
  </ItemGroup>
  <ItemGroup>
    <CustomBuild Include="C:\Users\DELL\Desktop\VS codes\Quantum_Computation_Information_draft1\CMakeLists.txt" />
  </ItemGroup>
  <ItemGroup>
    <Filter Include="Source Files">
      <UniqueIdentifier>{BE316174-82C6-3251-8903-4149638F2624}</UniqueIdentifier>
    </Filter>
  </ItemGroup>
</Project>
