<?xml version="1.0" encoding="utf-8"?>
<Project ToolsVersion="17.0" xmlns="http://schemas.microsoft.com/developer/msbuild/2003">
  <ItemGroup>
    <CustomBuild Include="C:\Users\DELL\Desktop\VS codes\Quantum_Computation_Information_draft1\duild\CMakeFiles\06c8dd917ec18e9db3771d2cf40b49ab\generate.stamp.rule">
      <Filter>CMake Rules</Filter>
    </CustomBuild>
  </ItemGroup>
  <ItemGroup>
    <Filter Include="CMake Rules">
      <UniqueIdentifier>{2A541775-400C-3191-AEE1-112AF29A64AE}</UniqueIdentifier>
    </Filter>
  </ItemGroup>
</Project>
